
Microsoft Visual Studio Solution File, Format Version 11.00
# Visual Studio 2010
Project("{2150E333-8FDC-42A3-9474-1A3956D46DE8}") = "Plugins", "Plugins", "{81712D9C-F1A2-489F-B288-F4B21A36B3F1}"
EndProject
Project("{FAE04EC0-301F-11D3-BF4B-00C04F79EFBC}") = "QTTabBar", "QTTabBar\QTTabBar.csproj", "{E36E7A44-8F1D-4CFF-A65A-C3207A17CDED}"
EndProject
Project("{FAE04EC0-301F-11D3-BF4B-00C04F79EFBC}") = "BandObjectLib", "BandObjectLib\BandObjectLib.csproj", "{BDB3B670-A17B-483E-954C-52FC2B6FF9D3}"
EndProject
Project("{8BC9CEB8-8B4A-11D0-8D11-00A0C91BC942}") = "Register", "Register\Register.vcxproj", "{E35915FE-ED91-4AE5-B566-F269CD854498}"
	ProjectSection(ProjectDependencies) = postProject
		{740C67C7-6AE5-414B-A3F8-D69355FE508B} = {740C67C7-6AE5-414B-A3F8-D69355FE508B}
	EndProjectSection
EndProject
Project("{FAE04EC0-301F-11D3-BF4B-00C04F79EFBC}") = "QTPluginLib", "QTPluginLib\QTPluginLib.csproj", "{749BE612-0CAA-444E-8704-4CF9D9A6F653}"
EndProject
Project("{FAE04EC0-301F-11D3-BF4B-00C04F79EFBC}") = "CreateNewItem", "Plugins\CreateNewItem\CreateNewItem.csproj", "{2D16184B-D2F9-4395-AC50-2B66F9E74525}"
	ProjectSection(ProjectDependencies) = postProject
		{749BE612-0CAA-444E-8704-4CF9D9A6F653} = {749BE612-0CAA-444E-8704-4CF9D9A6F653}
	EndProjectSection
EndProject
Project("{FAE04EC0-301F-11D3-BF4B-00C04F79EFBC}") = "QTClock", "Plugins\QTClock\QTClock.csproj", "{0ED51311-F88D-43BE-B412-FC75AB4808CF}"
	ProjectSection(ProjectDependencies) = postProject
		{749BE612-0CAA-444E-8704-4CF9D9A6F653} = {749BE612-0CAA-444E-8704-4CF9D9A6F653}
	EndProjectSection
EndProject
Project("{FAE04EC0-301F-11D3-BF4B-00C04F79EFBC}") = "QTFileTools", "Plugins\QTFileTools\QTFileTools.csproj", "{DB674411-121B-4FE2-AFC4-7B04289E3AFD}"
	ProjectSection(ProjectDependencies) = postProject
		{749BE612-0CAA-444E-8704-4CF9D9A6F653} = {749BE612-0CAA-444E-8704-4CF9D9A6F653}
	EndProjectSection
EndProject
Project("{FAE04EC0-301F-11D3-BF4B-00C04F79EFBC}") = "QTFolderButton", "Plugins\QTFolderButton\QTFolderButton.csproj", "{DA743E86-4FDE-4C18-952C-545A0390AE79}"
	ProjectSection(ProjectDependencies) = postProject
		{749BE612-0CAA-444E-8704-4CF9D9A6F653} = {749BE612-0CAA-444E-8704-4CF9D9A6F653}
	EndProjectSection
EndProject
Project("{FAE04EC0-301F-11D3-BF4B-00C04F79EFBC}") = "ViewModeButton", "Plugins\QTViewModeButton\ViewModeButton.csproj", "{EC7D4D7D-5609-4EC5-88C4-712738492EB1}"
	ProjectSection(ProjectDependencies) = postProject
		{749BE612-0CAA-444E-8704-4CF9D9A6F653} = {749BE612-0CAA-444E-8704-4CF9D9A6F653}
	EndProjectSection
EndProject
Project("{FAE04EC0-301F-11D3-BF4B-00C04F79EFBC}") = "QTWindowManager", "Plugins\QTWindowManager\QTWindowManager.csproj", "{388BD40A-CF2C-46DA-973C-3A05E321AF62}"
	ProjectSection(ProjectDependencies) = postProject
		{749BE612-0CAA-444E-8704-4CF9D9A6F653} = {749BE612-0CAA-444E-8704-4CF9D9A6F653}
	EndProjectSection
EndProject
Project("{FAE04EC0-301F-11D3-BF4B-00C04F79EFBC}") = "SamplePlugin", "Plugins\Sample\SamplePlugin.csproj", "{544245AF-F77C-4AB9-9024-EA80EF3D1323}"
	ProjectSection(ProjectDependencies) = postProject
		{749BE612-0CAA-444E-8704-4CF9D9A6F653} = {749BE612-0CAA-444E-8704-4CF9D9A6F653}
	EndProjectSection
EndProject
Project("{FAE04EC0-301F-11D3-BF4B-00C04F79EFBC}") = "ShowStatusBar", "Plugins\ShowStatusBar\ShowStatusBar.csproj", "{59316D50-75D1-48CE-B83F-01F4A1C46F98}"
	ProjectSection(ProjectDependencies) = postProject
		{749BE612-0CAA-444E-8704-4CF9D9A6F653} = {749BE612-0CAA-444E-8704-4CF9D9A6F653}
	EndProjectSection
EndProject
Project("{FAE04EC0-301F-11D3-BF4B-00C04F79EFBC}") = "MigemoLoader", "Plugins\MigemoLoader\MigemoLoader.csproj", "{F75F575A-4E9E-4888-AE84-AF2E3427C998}"
	ProjectSection(ProjectDependencies) = postProject
		{749BE612-0CAA-444E-8704-4CF9D9A6F653} = {749BE612-0CAA-444E-8704-4CF9D9A6F653}
	EndProjectSection
EndProject
Project("{FAE04EC0-301F-11D3-BF4B-00C04F79EFBC}") = "Memo", "Plugins\Memo\Memo.csproj", "{3E6DBDF7-3386-4E4E-A707-EABF82796A23}"
	ProjectSection(ProjectDependencies) = postProject
		{749BE612-0CAA-444E-8704-4CF9D9A6F653} = {749BE612-0CAA-444E-8704-4CF9D9A6F653}
	EndProjectSection
EndProject
Project("{930C7802-8A8C-48F9-8165-68863BCCD9DD}") = "Installer", "Installer\Installer.wixproj", "{1E197BA3-B592-44AC-85E1-7447E731856C}"
	ProjectSection(ProjectDependencies) = postProject
		{749BE612-0CAA-444E-8704-4CF9D9A6F653} = {749BE612-0CAA-444E-8704-4CF9D9A6F653}
		{E36E7A44-8F1D-4CFF-A65A-C3207A17CDED} = {E36E7A44-8F1D-4CFF-A65A-C3207A17CDED}
		{8594AF64-8053-45F5-A3EC-E570860016B7} = {8594AF64-8053-45F5-A3EC-E570860016B7}
		{BDB3B670-A17B-483E-954C-52FC2B6FF9D3} = {BDB3B670-A17B-483E-954C-52FC2B6FF9D3}
		{740C67C7-6AE5-414B-A3F8-D69355FE508B} = {740C67C7-6AE5-414B-A3F8-D69355FE508B}
	EndProjectSection
EndProject
Project("{8BC9CEB8-8B4A-11D0-8D11-00A0C91BC942}") = "InstallerHelper", "InstallerHelper\InstallerHelper.vcxproj", "{8594AF64-8053-45F5-A3EC-E570860016B7}"
EndProject
Project("{8BC9CEB8-8B4A-11D0-8D11-00A0C91BC942}") = "libMinHook", "MinHook\libMinHook.vcxproj", "{65021938-D251-46FA-BC3D-85C385D4C06D}"
EndProject
Project("{8BC9CEB8-8B4A-11D0-8D11-00A0C91BC942}") = "QTHookLib", "QTHookLib\QTHookLib.vcxproj", "{740C67C7-6AE5-414B-A3F8-D69355FE508B}"
EndProject
Global
	GlobalSection(SolutionConfigurationPlatforms) = preSolution
		Debug (No Plugins)|Any CPU = Debug (No Plugins)|Any CPU
		Debug (No Reg)|Any CPU = Debug (No Reg)|Any CPU
		Debug|Any CPU = Debug|Any CPU
		Installer|Any CPU = Installer|Any CPU
		Release|Any CPU = Release|Any CPU
		x86 QT Only|Any CPU = x86 QT Only|Any CPU
	EndGlobalSection
	GlobalSection(ProjectConfigurationPlatforms) = postSolution
		{E36E7A44-8F1D-4CFF-A65A-C3207A17CDED}.Debug (No Plugins)|Any CPU.ActiveCfg = Debug|Any CPU
		{E36E7A44-8F1D-4CFF-A65A-C3207A17CDED}.Debug (No Plugins)|Any CPU.Build.0 = Debug|Any CPU
		{E36E7A44-8F1D-4CFF-A65A-C3207A17CDED}.Debug (No Reg)|Any CPU.ActiveCfg = Debug|Any CPU
		{E36E7A44-8F1D-4CFF-A65A-C3207A17CDED}.Debug (No Reg)|Any CPU.Build.0 = Debug|Any CPU
		{E36E7A44-8F1D-4CFF-A65A-C3207A17CDED}.Debug|Any CPU.ActiveCfg = Debug|Any CPU
		{E36E7A44-8F1D-4CFF-A65A-C3207A17CDED}.Debug|Any CPU.Build.0 = Debug|Any CPU
		{E36E7A44-8F1D-4CFF-A65A-C3207A17CDED}.Installer|Any CPU.ActiveCfg = Release|Any CPU
		{E36E7A44-8F1D-4CFF-A65A-C3207A17CDED}.Installer|Any CPU.Build.0 = Release|Any CPU
		{E36E7A44-8F1D-4CFF-A65A-C3207A17CDED}.Release|Any CPU.ActiveCfg = Release|Any CPU
		{E36E7A44-8F1D-4CFF-A65A-C3207A17CDED}.Release|Any CPU.Build.0 = Release|Any CPU
		{E36E7A44-8F1D-4CFF-A65A-C3207A17CDED}.x86 QT Only|Any CPU.ActiveCfg = Debug|x86
		{E36E7A44-8F1D-4CFF-A65A-C3207A17CDED}.x86 QT Only|Any CPU.Build.0 = Debug|x86
		{BDB3B670-A17B-483E-954C-52FC2B6FF9D3}.Debug (No Plugins)|Any CPU.ActiveCfg = Debug|Any CPU
		{BDB3B670-A17B-483E-954C-52FC2B6FF9D3}.Debug (No Plugins)|Any CPU.Build.0 = Debug|Any CPU
		{BDB3B670-A17B-483E-954C-52FC2B6FF9D3}.Debug (No Reg)|Any CPU.ActiveCfg = Debug|Any CPU
		{BDB3B670-A17B-483E-954C-52FC2B6FF9D3}.Debug (No Reg)|Any CPU.Build.0 = Debug|Any CPU
		{BDB3B670-A17B-483E-954C-52FC2B6FF9D3}.Debug|Any CPU.ActiveCfg = Debug|Any CPU
		{BDB3B670-A17B-483E-954C-52FC2B6FF9D3}.Debug|Any CPU.Build.0 = Debug|Any CPU
		{BDB3B670-A17B-483E-954C-52FC2B6FF9D3}.Installer|Any CPU.ActiveCfg = Release|Any CPU
		{BDB3B670-A17B-483E-954C-52FC2B6FF9D3}.Installer|Any CPU.Build.0 = Release|Any CPU
		{BDB3B670-A17B-483E-954C-52FC2B6FF9D3}.Release|Any CPU.ActiveCfg = Release|Any CPU
		{BDB3B670-A17B-483E-954C-52FC2B6FF9D3}.Release|Any CPU.Build.0 = Release|Any CPU
		{BDB3B670-A17B-483E-954C-52FC2B6FF9D3}.x86 QT Only|Any CPU.ActiveCfg = Debug|Any CPU
		{E35915FE-ED91-4AE5-B566-F269CD854498}.Debug (No Plugins)|Any CPU.ActiveCfg = Debug|Win32
		{E35915FE-ED91-4AE5-B566-F269CD854498}.Debug (No Plugins)|Any CPU.Build.0 = Debug|Win32
		{E35915FE-ED91-4AE5-B566-F269CD854498}.Debug (No Reg)|Any CPU.ActiveCfg = Debug|Win32
		{E35915FE-ED91-4AE5-B566-F269CD854498}.Debug|Any CPU.ActiveCfg = Debug|Win32
		{E35915FE-ED91-4AE5-B566-F269CD854498}.Debug|Any CPU.Build.0 = Debug|Win32
		{E35915FE-ED91-4AE5-B566-F269CD854498}.Installer|Any CPU.ActiveCfg = Release|Win32
		{E35915FE-ED91-4AE5-B566-F269CD854498}.Release|Any CPU.ActiveCfg = Release|Win32
		{E35915FE-ED91-4AE5-B566-F269CD854498}.Release|Any CPU.Build.0 = Release|Win32
		{E35915FE-ED91-4AE5-B566-F269CD854498}.x86 QT Only|Any CPU.ActiveCfg = Debug|Win32
		{749BE612-0CAA-444E-8704-4CF9D9A6F653}.Debug (No Plugins)|Any CPU.ActiveCfg = Debug|Any CPU
		{749BE612-0CAA-444E-8704-4CF9D9A6F653}.Debug (No Plugins)|Any CPU.Build.0 = Debug|Any CPU
		{749BE612-0CAA-444E-8704-4CF9D9A6F653}.Debug (No Reg)|Any CPU.ActiveCfg = Debug|Any CPU
		{749BE612-0CAA-444E-8704-4CF9D9A6F653}.Debug (No Reg)|Any CPU.Build.0 = Debug|Any CPU
		{749BE612-0CAA-444E-8704-4CF9D9A6F653}.Debug|Any CPU.ActiveCfg = Debug|Any CPU
		{749BE612-0CAA-444E-8704-4CF9D9A6F653}.Debug|Any CPU.Build.0 = Debug|Any CPU
		{749BE612-0CAA-444E-8704-4CF9D9A6F653}.Installer|Any CPU.ActiveCfg = Release|Any CPU
		{749BE612-0CAA-444E-8704-4CF9D9A6F653}.Installer|Any CPU.Build.0 = Release|Any CPU
		{749BE612-0CAA-444E-8704-4CF9D9A6F653}.Release|Any CPU.ActiveCfg = Release|Any CPU
		{749BE612-0CAA-444E-8704-4CF9D9A6F653}.Release|Any CPU.Build.0 = Release|Any CPU
		{749BE612-0CAA-444E-8704-4CF9D9A6F653}.x86 QT Only|Any CPU.ActiveCfg = Debug|Any CPU
		{2D16184B-D2F9-4395-AC50-2B66F9E74525}.Debug (No Plugins)|Any CPU.ActiveCfg = Debug|Any CPU
		{2D16184B-D2F9-4395-AC50-2B66F9E74525}.Debug (No Reg)|Any CPU.ActiveCfg = Debug|Any CPU
		{2D16184B-D2F9-4395-AC50-2B66F9E74525}.Debug (No Reg)|Any CPU.Build.0 = Debug|Any CPU
		{2D16184B-D2F9-4395-AC50-2B66F9E74525}.Debug|Any CPU.ActiveCfg = Debug|Any CPU
		{2D16184B-D2F9-4395-AC50-2B66F9E74525}.Debug|Any CPU.Build.0 = Debug|Any CPU
		{2D16184B-D2F9-4395-AC50-2B66F9E74525}.Installer|Any CPU.ActiveCfg = Release|Any CPU
		{2D16184B-D2F9-4395-AC50-2B66F9E74525}.Release|Any CPU.ActiveCfg = Release|Any CPU
		{2D16184B-D2F9-4395-AC50-2B66F9E74525}.Release|Any CPU.Build.0 = Release|Any CPU
		{2D16184B-D2F9-4395-AC50-2B66F9E74525}.x86 QT Only|Any CPU.ActiveCfg = Debug|Any CPU
		{0ED51311-F88D-43BE-B412-FC75AB4808CF}.Debug (No Plugins)|Any CPU.ActiveCfg = Debug|Any CPU
		{0ED51311-F88D-43BE-B412-FC75AB4808CF}.Debug (No Reg)|Any CPU.ActiveCfg = Debug|Any CPU
		{0ED51311-F88D-43BE-B412-FC75AB4808CF}.Debug (No Reg)|Any CPU.Build.0 = Debug|Any CPU
		{0ED51311-F88D-43BE-B412-FC75AB4808CF}.Debug|Any CPU.ActiveCfg = Debug|Any CPU
		{0ED51311-F88D-43BE-B412-FC75AB4808CF}.Debug|Any CPU.Build.0 = Debug|Any CPU
		{0ED51311-F88D-43BE-B412-FC75AB4808CF}.Installer|Any CPU.ActiveCfg = Release|Any CPU
		{0ED51311-F88D-43BE-B412-FC75AB4808CF}.Release|Any CPU.ActiveCfg = Release|Any CPU
		{0ED51311-F88D-43BE-B412-FC75AB4808CF}.Release|Any CPU.Build.0 = Release|Any CPU
		{0ED51311-F88D-43BE-B412-FC75AB4808CF}.x86 QT Only|Any CPU.ActiveCfg = Debug|Any CPU
		{DB674411-121B-4FE2-AFC4-7B04289E3AFD}.Debug (No Plugins)|Any CPU.ActiveCfg = Debug|Any CPU
		{DB674411-121B-4FE2-AFC4-7B04289E3AFD}.Debug (No Reg)|Any CPU.ActiveCfg = Debug|Any CPU
		{DB674411-121B-4FE2-AFC4-7B04289E3AFD}.Debug (No Reg)|Any CPU.Build.0 = Debug|Any CPU
		{DB674411-121B-4FE2-AFC4-7B04289E3AFD}.Debug|Any CPU.ActiveCfg = Debug|Any CPU
		{DB674411-121B-4FE2-AFC4-7B04289E3AFD}.Debug|Any CPU.Build.0 = Debug|Any CPU
		{DB674411-121B-4FE2-AFC4-7B04289E3AFD}.Installer|Any CPU.ActiveCfg = Release|Any CPU
		{DB674411-121B-4FE2-AFC4-7B04289E3AFD}.Release|Any CPU.ActiveCfg = Release|Any CPU
		{DB674411-121B-4FE2-AFC4-7B04289E3AFD}.Release|Any CPU.Build.0 = Release|Any CPU
		{DB674411-121B-4FE2-AFC4-7B04289E3AFD}.x86 QT Only|Any CPU.ActiveCfg = Debug|Any CPU
		{DA743E86-4FDE-4C18-952C-545A0390AE79}.Debug (No Plugins)|Any CPU.ActiveCfg = Debug|Any CPU
		{DA743E86-4FDE-4C18-952C-545A0390AE79}.Debug (No Reg)|Any CPU.ActiveCfg = Debug|Any CPU
		{DA743E86-4FDE-4C18-952C-545A0390AE79}.Debug (No Reg)|Any CPU.Build.0 = Debug|Any CPU
		{DA743E86-4FDE-4C18-952C-545A0390AE79}.Debug|Any CPU.ActiveCfg = Debug|Any CPU
		{DA743E86-4FDE-4C18-952C-545A0390AE79}.Debug|Any CPU.Build.0 = Debug|Any CPU
		{DA743E86-4FDE-4C18-952C-545A0390AE79}.Installer|Any CPU.ActiveCfg = Release|Any CPU
		{DA743E86-4FDE-4C18-952C-545A0390AE79}.Release|Any CPU.ActiveCfg = Release|Any CPU
		{DA743E86-4FDE-4C18-952C-545A0390AE79}.Release|Any CPU.Build.0 = Release|Any CPU
		{DA743E86-4FDE-4C18-952C-545A0390AE79}.x86 QT Only|Any CPU.ActiveCfg = Debug|Any CPU
		{EC7D4D7D-5609-4EC5-88C4-712738492EB1}.Debug (No Plugins)|Any CPU.ActiveCfg = Debug|Any CPU
		{EC7D4D7D-5609-4EC5-88C4-712738492EB1}.Debug (No Reg)|Any CPU.ActiveCfg = Debug|Any CPU
		{EC7D4D7D-5609-4EC5-88C4-712738492EB1}.Debug (No Reg)|Any CPU.Build.0 = Debug|Any CPU
		{EC7D4D7D-5609-4EC5-88C4-712738492EB1}.Debug|Any CPU.ActiveCfg = Debug|Any CPU
		{EC7D4D7D-5609-4EC5-88C4-712738492EB1}.Debug|Any CPU.Build.0 = Debug|Any CPU
		{EC7D4D7D-5609-4EC5-88C4-712738492EB1}.Installer|Any CPU.ActiveCfg = Release|Any CPU
		{EC7D4D7D-5609-4EC5-88C4-712738492EB1}.Release|Any CPU.ActiveCfg = Release|Any CPU
		{EC7D4D7D-5609-4EC5-88C4-712738492EB1}.Release|Any CPU.Build.0 = Release|Any CPU
		{EC7D4D7D-5609-4EC5-88C4-712738492EB1}.x86 QT Only|Any CPU.ActiveCfg = Debug|Any CPU
		{388BD40A-CF2C-46DA-973C-3A05E321AF62}.Debug (No Plugins)|Any CPU.ActiveCfg = Debug|Any CPU
		{388BD40A-CF2C-46DA-973C-3A05E321AF62}.Debug (No Reg)|Any CPU.ActiveCfg = Debug|Any CPU
		{388BD40A-CF2C-46DA-973C-3A05E321AF62}.Debug (No Reg)|Any CPU.Build.0 = Debug|Any CPU
		{388BD40A-CF2C-46DA-973C-3A05E321AF62}.Debug|Any CPU.ActiveCfg = Debug|Any CPU
		{388BD40A-CF2C-46DA-973C-3A05E321AF62}.Debug|Any CPU.Build.0 = Debug|Any CPU
		{388BD40A-CF2C-46DA-973C-3A05E321AF62}.Installer|Any CPU.ActiveCfg = Release|Any CPU
		{388BD40A-CF2C-46DA-973C-3A05E321AF62}.Release|Any CPU.ActiveCfg = Release|Any CPU
		{388BD40A-CF2C-46DA-973C-3A05E321AF62}.Release|Any CPU.Build.0 = Release|Any CPU
		{388BD40A-CF2C-46DA-973C-3A05E321AF62}.x86 QT Only|Any CPU.ActiveCfg = Debug|Any CPU
		{544245AF-F77C-4AB9-9024-EA80EF3D1323}.Debug (No Plugins)|Any CPU.ActiveCfg = Debug|Any CPU
		{544245AF-F77C-4AB9-9024-EA80EF3D1323}.Debug (No Reg)|Any CPU.ActiveCfg = Debug|Any CPU
		{544245AF-F77C-4AB9-9024-EA80EF3D1323}.Debug (No Reg)|Any CPU.Build.0 = Debug|Any CPU
		{544245AF-F77C-4AB9-9024-EA80EF3D1323}.Debug|Any CPU.ActiveCfg = Debug|Any CPU
		{544245AF-F77C-4AB9-9024-EA80EF3D1323}.Debug|Any CPU.Build.0 = Debug|Any CPU
		{544245AF-F77C-4AB9-9024-EA80EF3D1323}.Installer|Any CPU.ActiveCfg = Release|Any CPU
		{544245AF-F77C-4AB9-9024-EA80EF3D1323}.Release|Any CPU.ActiveCfg = Release|Any CPU
		{544245AF-F77C-4AB9-9024-EA80EF3D1323}.Release|Any CPU.Build.0 = Release|Any CPU
		{544245AF-F77C-4AB9-9024-EA80EF3D1323}.x86 QT Only|Any CPU.ActiveCfg = Debug|Any CPU
		{59316D50-75D1-48CE-B83F-01F4A1C46F98}.Debug (No Plugins)|Any CPU.ActiveCfg = Debug|Any CPU
		{59316D50-75D1-48CE-B83F-01F4A1C46F98}.Debug (No Reg)|Any CPU.ActiveCfg = Debug|Any CPU
		{59316D50-75D1-48CE-B83F-01F4A1C46F98}.Debug (No Reg)|Any CPU.Build.0 = Debug|Any CPU
		{59316D50-75D1-48CE-B83F-01F4A1C46F98}.Debug|Any CPU.ActiveCfg = Debug|Any CPU
		{59316D50-75D1-48CE-B83F-01F4A1C46F98}.Debug|Any CPU.Build.0 = Debug|Any CPU
		{59316D50-75D1-48CE-B83F-01F4A1C46F98}.Installer|Any CPU.ActiveCfg = Release|Any CPU
		{59316D50-75D1-48CE-B83F-01F4A1C46F98}.Release|Any CPU.ActiveCfg = Release|Any CPU
		{59316D50-75D1-48CE-B83F-01F4A1C46F98}.Release|Any CPU.Build.0 = Release|Any CPU
		{59316D50-75D1-48CE-B83F-01F4A1C46F98}.x86 QT Only|Any CPU.ActiveCfg = Debug|Any CPU
		{F75F575A-4E9E-4888-AE84-AF2E3427C998}.Debug (No Plugins)|Any CPU.ActiveCfg = Debug|Any CPU
		{F75F575A-4E9E-4888-AE84-AF2E3427C998}.Debug (No Plugins)|Any CPU.Build.0 = Debug|Any CPU
		{F75F575A-4E9E-4888-AE84-AF2E3427C998}.Debug (No Reg)|Any CPU.ActiveCfg = Debug|Any CPU
		{F75F575A-4E9E-4888-AE84-AF2E3427C998}.Debug (No Reg)|Any CPU.Build.0 = Debug|Any CPU
		{F75F575A-4E9E-4888-AE84-AF2E3427C998}.Debug|Any CPU.ActiveCfg = Debug|Any CPU
		{F75F575A-4E9E-4888-AE84-AF2E3427C998}.Debug|Any CPU.Build.0 = Debug|Any CPU
		{F75F575A-4E9E-4888-AE84-AF2E3427C998}.Installer|Any CPU.ActiveCfg = Release|Any CPU
		{F75F575A-4E9E-4888-AE84-AF2E3427C998}.Release|Any CPU.ActiveCfg = Release|Any CPU
		{F75F575A-4E9E-4888-AE84-AF2E3427C998}.Release|Any CPU.Build.0 = Release|Any CPU
		{F75F575A-4E9E-4888-AE84-AF2E3427C998}.x86 QT Only|Any CPU.ActiveCfg = Debug|Any CPU
		{3E6DBDF7-3386-4E4E-A707-EABF82796A23}.Debug (No Plugins)|Any CPU.ActiveCfg = Debug|Any CPU
		{3E6DBDF7-3386-4E4E-A707-EABF82796A23}.Debug (No Reg)|Any CPU.ActiveCfg = Debug|Any CPU
		{3E6DBDF7-3386-4E4E-A707-EABF82796A23}.Debug (No Reg)|Any CPU.Build.0 = Debug|Any CPU
		{3E6DBDF7-3386-4E4E-A707-EABF82796A23}.Debug|Any CPU.ActiveCfg = Debug|Any CPU
		{3E6DBDF7-3386-4E4E-A707-EABF82796A23}.Debug|Any CPU.Build.0 = Debug|Any CPU
		{3E6DBDF7-3386-4E4E-A707-EABF82796A23}.Installer|Any CPU.ActiveCfg = Release|Any CPU
		{3E6DBDF7-3386-4E4E-A707-EABF82796A23}.Release|Any CPU.ActiveCfg = Release|Any CPU
		{3E6DBDF7-3386-4E4E-A707-EABF82796A23}.Release|Any CPU.Build.0 = Release|Any CPU
		{3E6DBDF7-3386-4E4E-A707-EABF82796A23}.x86 QT Only|Any CPU.ActiveCfg = Debug|Any CPU
		{1E197BA3-B592-44AC-85E1-7447E731856C}.Debug (No Plugins)|Any CPU.ActiveCfg = Debug|x86
		{1E197BA3-B592-44AC-85E1-7447E731856C}.Debug (No Reg)|Any CPU.ActiveCfg = Debug|x86
		{1E197BA3-B592-44AC-85E1-7447E731856C}.Debug|Any CPU.ActiveCfg = Debug|x86
		{1E197BA3-B592-44AC-85E1-7447E731856C}.Installer|Any CPU.ActiveCfg = Release|x86
		{1E197BA3-B592-44AC-85E1-7447E731856C}.Installer|Any CPU.Build.0 = Release|x86
		{1E197BA3-B592-44AC-85E1-7447E731856C}.Release|Any CPU.ActiveCfg = Release|x86
		{1E197BA3-B592-44AC-85E1-7447E731856C}.x86 QT Only|Any CPU.ActiveCfg = Debug|x86
		{8594AF64-8053-45F5-A3EC-E570860016B7}.Debug (No Plugins)|Any CPU.ActiveCfg = Debug|Win32
		{8594AF64-8053-45F5-A3EC-E570860016B7}.Debug (No Reg)|Any CPU.ActiveCfg = Debug|Win32
		{8594AF64-8053-45F5-A3EC-E570860016B7}.Debug|Any CPU.ActiveCfg = Debug|Win32
		{8594AF64-8053-45F5-A3EC-E570860016B7}.Installer|Any CPU.ActiveCfg = Release|Win32
		{8594AF64-8053-45F5-A3EC-E570860016B7}.Installer|Any CPU.Build.0 = Release|Win32
		{8594AF64-8053-45F5-A3EC-E570860016B7}.Release|Any CPU.ActiveCfg = Release|Win32
		{8594AF64-8053-45F5-A3EC-E570860016B7}.x86 QT Only|Any CPU.ActiveCfg = Debug|Win32
		{65021938-D251-46FA-BC3D-85C385D4C06D}.Debug (No Plugins)|Any CPU.ActiveCfg = Debug|Win32
		{65021938-D251-46FA-BC3D-85C385D4C06D}.Debug (No Plugins)|Any CPU.Build.0 = Debug|Win32
		{65021938-D251-46FA-BC3D-85C385D4C06D}.Debug (No Reg)|Any CPU.ActiveCfg = Debug|Win32
		{65021938-D251-46FA-BC3D-85C385D4C06D}.Debug (No Reg)|Any CPU.Build.0 = Debug|Win32
		{65021938-D251-46FA-BC3D-85C385D4C06D}.Debug|Any CPU.ActiveCfg = Debug|Win32
		{65021938-D251-46FA-BC3D-85C385D4C06D}.Debug|Any CPU.Build.0 = Debug|Win32
		{65021938-D251-46FA-BC3D-85C385D4C06D}.Installer|Any CPU.ActiveCfg = Release|Win32
		{65021938-D251-46FA-BC3D-85C385D4C06D}.Release|Any CPU.ActiveCfg = Release|Win32
		{65021938-D251-46FA-BC3D-85C385D4C06D}.Release|Any CPU.Build.0 = Release|Win32
		{65021938-D251-46FA-BC3D-85C385D4C06D}.x86 QT Only|Any CPU.ActiveCfg = Release|Win32
		{740C67C7-6AE5-414B-A3F8-D69355FE508B}.Debug (No Plugins)|Any CPU.ActiveCfg = Debug|Win32
		{740C67C7-6AE5-414B-A3F8-D69355FE508B}.Debug (No Plugins)|Any CPU.Build.0 = Debug|Win32
		{740C67C7-6AE5-414B-A3F8-D69355FE508B}.Debug (No Reg)|Any CPU.ActiveCfg = Debug|Win32
		{740C67C7-6AE5-414B-A3F8-D69355FE508B}.Debug|Any CPU.ActiveCfg = Debug|Win32
		{740C67C7-6AE5-414B-A3F8-D69355FE508B}.Debug|Any CPU.Build.0 = Debug|Win32
		{740C67C7-6AE5-414B-A3F8-D69355FE508B}.Installer|Any CPU.ActiveCfg = Release|Win32
		{740C67C7-6AE5-414B-A3F8-D69355FE508B}.Installer|Any CPU.Build.0 = Release|Win32
		{740C67C7-6AE5-414B-A3F8-D69355FE508B}.Release|Any CPU.ActiveCfg = Release|Win32
		{740C67C7-6AE5-414B-A3F8-D69355FE508B}.Release|Any CPU.Build.0 = Release|Win32
		{740C67C7-6AE5-414B-A3F8-D69355FE508B}.x86 QT Only|Any CPU.ActiveCfg = Release|Win32
	EndGlobalSection
	GlobalSection(SolutionProperties) = preSolution
		HideSolutionNode = FALSE
	EndGlobalSection
	GlobalSection(NestedProjects) = preSolution
		{2D16184B-D2F9-4395-AC50-2B66F9E74525} = {81712D9C-F1A2-489F-B288-F4B21A36B3F1}
		{0ED51311-F88D-43BE-B412-FC75AB4808CF} = {81712D9C-F1A2-489F-B288-F4B21A36B3F1}
		{DB674411-121B-4FE2-AFC4-7B04289E3AFD} = {81712D9C-F1A2-489F-B288-F4B21A36B3F1}
		{DA743E86-4FDE-4C18-952C-545A0390AE79} = {81712D9C-F1A2-489F-B288-F4B21A36B3F1}
		{EC7D4D7D-5609-4EC5-88C4-712738492EB1} = {81712D9C-F1A2-489F-B288-F4B21A36B3F1}
		{388BD40A-CF2C-46DA-973C-3A05E321AF62} = {81712D9C-F1A2-489F-B288-F4B21A36B3F1}
		{544245AF-F77C-4AB9-9024-EA80EF3D1323} = {81712D9C-F1A2-489F-B288-F4B21A36B3F1}
		{59316D50-75D1-48CE-B83F-01F4A1C46F98} = {81712D9C-F1A2-489F-B288-F4B21A36B3F1}
		{F75F575A-4E9E-4888-AE84-AF2E3427C998} = {81712D9C-F1A2-489F-B288-F4B21A36B3F1}
		{3E6DBDF7-3386-4E4E-A707-EABF82796A23} = {81712D9C-F1A2-489F-B288-F4B21A36B3F1}
	EndGlobalSection
EndGlobal
